PODS:
  - EFKeyboardToolBar (1.0.0)

DEPENDENCIES:
  - EFKeyboardToolBar (from `../`)

EXTERNAL SOURCES:
  EFKeyboardToolBar:
    :path: "../"

SPEC CHECKSUMS:
  EFKeyboardToolBar: 5c14aaa1d8475b3871dd1413ba3b5f0c7c964656

PODFILE CHECKSUM: 99ef2cd58d97c0d41fc2f7d2a2ba960676c627b2

COCOAPODS: 1.5.3
