PODS:
  - EFKeyboardToolBar (5.0.0)

DEPENDENCIES:
  - EFKeyboardToolBar (from `../`)

EXTERNAL SOURCES:
  EFKeyboardToolBar:
    :path: "../"

SPEC CHECKSUMS:
  EFKeyboardToolBar: f669b3a150eb8d4e7cbdd2757d2b33699ed50e15

PODFILE CHECKSUM: 91281c9f7bf27a9e0d74b5c462086214603d407d

COCOAPODS: 1.6.1
